
Microsoft Visual Studio Solution File, Format Version 12.00
# Visual Studio Version 16
VisualStudioVersion = 16.0.29709.97
MinimumVisualStudioVersion = 10.0.40219.1
Project("{2150E333-8FDC-42A3-9474-1A3956D46DE8}") = "Web", "Web", "{9C84442A-DA54-490C-89BB-113DC508479C}"
EndProject
Project("{2150E333-8FDC-42A3-9474-1A3956D46DE8}") = "Data", "Data", "{8419F5A5-8440-47D0-9AFF-238ED8061D5F}"
EndProject
Project("{2150E333-8FDC-42A3-9474-1A3956D46DE8}") = "Services", "Services", "{FE6DC632-6E4E-455B-832A-F349EEBEB808}"
EndProject
Project("{9A19103F-16F7-4668-BE54-9A1E7A4F7556}") = "ShopStore.Common", "ShopStore.Common\ShopStore.Common.csproj", "{C572CE88-091B-4DB4-BC27-2A2FF55469ED}"
EndProject
Project("{9A19103F-16F7-4668-BE54-9A1E7A4F7556}") = "ShopStore.Data", "Data\ShopStore.Data\ShopStore.Data.csproj", "{DA427197-2E07-4092-AE02-CD6879B40480}"
EndProject
Project("{9A19103F-16F7-4668-BE54-9A1E7A4F7556}") = "ShopStore.Services", "Services\ShopStore.Services\ShopStore.Services.csproj", "{7D954A8F-9614-4C42-A453-4467F94FDD61}"
EndProject
Project("{9A19103F-16F7-4668-BE54-9A1E7A4F7556}") = "ShopStore.Web", "Web\ShopStore.Web\ShopStore.Web.csproj", "{045C85D7-0442-4D2D-9553-407FE0C16DBE}"
EndProject
Project("{9A19103F-16F7-4668-BE54-9A1E7A4F7556}") = "ShopStore.Data.Contract", "Data\ShopStore.Data.Models\ShopStore.Data.Contract.csproj", "{308895BD-5F05-420A-8AE0-9F61DE140743}"
EndProject
Project("{9A19103F-16F7-4668-BE54-9A1E7A4F7556}") = "ShopStore.Services.Contract", "Services\ShopStore.Services.Data\ShopStore.Services.Contract.csproj", "{7FA5EAD1-FD47-42F4-9C90-2B609DA038E4}"
EndProject
Project("{2150E333-8FDC-42A3-9474-1A3956D46DE8}") = "Test", "Test", "{CAFABA4D-694E-4353-BD14-0E2DB1DFA954}"
EndProject
Project("{FAE04EC0-301F-11D3-BF4B-00C04F79EFBC}") = "ShopStore.Tests", "Test\ShopStore.Tests\ShopStore.Tests.csproj", "{F0964A86-F605-47D3-AE7B-75569CAA0921}"
EndProject
Global
	GlobalSection(SolutionConfigurationPlatforms) = preSolution
		Debug|Any CPU = Debug|Any CPU
		Release|Any CPU = Release|Any CPU
	EndGlobalSection
	GlobalSection(ProjectConfigurationPlatforms) = postSolution
		{C572CE88-091B-4DB4-BC27-2A2FF55469ED}.Debug|Any CPU.ActiveCfg = Debug|Any CPU
		{C572CE88-091B-4DB4-BC27-2A2FF55469ED}.Debug|Any CPU.Build.0 = Debug|Any CPU
		{C572CE88-091B-4DB4-BC27-2A2FF55469ED}.Release|Any CPU.ActiveCfg = Release|Any CPU
		{C572CE88-091B-4DB4-BC27-2A2FF55469ED}.Release|Any CPU.Build.0 = Release|Any CPU
		{DA427197-2E07-4092-AE02-CD6879B40480}.Debug|Any CPU.ActiveCfg = Debug|Any CPU
		{DA427197-2E07-4092-AE02-CD6879B40480}.Debug|Any CPU.Build.0 = Debug|Any CPU
		{DA427197-2E07-4092-AE02-CD6879B40480}.Release|Any CPU.ActiveCfg = Release|Any CPU
		{DA427197-2E07-4092-AE02-CD6879B40480}.Release|Any CPU.Build.0 = Release|Any CPU
		{7D954A8F-9614-4C42-A453-4467F94FDD61}.Debug|Any CPU.ActiveCfg = Debug|Any CPU
		{7D954A8F-9614-4C42-A453-4467F94FDD61}.Debug|Any CPU.Build.0 = Debug|Any CPU
		{7D954A8F-9614-4C42-A453-4467F94FDD61}.Release|Any CPU.ActiveCfg = Release|Any CPU
		{7D954A8F-9614-4C42-A453-4467F94FDD61}.Release|Any CPU.Build.0 = Release|Any CPU
		{045C85D7-0442-4D2D-9553-407FE0C16DBE}.Debug|Any CPU.ActiveCfg = Debug|Any CPU
		{045C85D7-0442-4D2D-9553-407FE0C16DBE}.Debug|Any CPU.Build.0 = Debug|Any CPU
		{045C85D7-0442-4D2D-9553-407FE0C16DBE}.Release|Any CPU.ActiveCfg = Release|Any CPU
		{045C85D7-0442-4D2D-9553-407FE0C16DBE}.Release|Any CPU.Build.0 = Release|Any CPU
		{308895BD-5F05-420A-8AE0-9F61DE140743}.Debug|Any CPU.ActiveCfg = Debug|Any CPU
		{308895BD-5F05-420A-8AE0-9F61DE140743}.Debug|Any CPU.Build.0 = Debug|Any CPU
		{308895BD-5F05-420A-8AE0-9F61DE140743}.Release|Any CPU.ActiveCfg = Release|Any CPU
		{308895BD-5F05-420A-8AE0-9F61DE140743}.Release|Any CPU.Build.0 = Release|Any CPU
		{7FA5EAD1-FD47-42F4-9C90-2B609DA038E4}.Debug|Any CPU.ActiveCfg = Debug|Any CPU
		{7FA5EAD1-FD47-42F4-9C90-2B609DA038E4}.Debug|Any CPU.Build.0 = Debug|Any CPU
		{7FA5EAD1-FD47-42F4-9C90-2B609DA038E4}.Release|Any CPU.ActiveCfg = Release|Any CPU
		{7FA5EAD1-FD47-42F4-9C90-2B609DA038E4}.Release|Any CPU.Build.0 = Release|Any CPU
		{F0964A86-F605-47D3-AE7B-75569CAA0921}.Debug|Any CPU.ActiveCfg = Debug|Any CPU
		{F0964A86-F605-47D3-AE7B-75569CAA0921}.Debug|Any CPU.Build.0 = Debug|Any CPU
		{F0964A86-F605-47D3-AE7B-75569CAA0921}.Release|Any CPU.ActiveCfg = Release|Any CPU
		{F0964A86-F605-47D3-AE7B-75569CAA0921}.Release|Any CPU.Build.0 = Release|Any CPU
	EndGlobalSection
	GlobalSection(SolutionProperties) = preSolution
		HideSolutionNode = FALSE
	EndGlobalSection
	GlobalSection(NestedProjects) = preSolution
		{DA427197-2E07-4092-AE02-CD6879B40480} = {8419F5A5-8440-47D0-9AFF-238ED8061D5F}
		{7D954A8F-9614-4C42-A453-4467F94FDD61} = {FE6DC632-6E4E-455B-832A-F349EEBEB808}
		{045C85D7-0442-4D2D-9553-407FE0C16DBE} = {9C84442A-DA54-490C-89BB-113DC508479C}
		{308895BD-5F05-420A-8AE0-9F61DE140743} = {8419F5A5-8440-47D0-9AFF-238ED8061D5F}
		{7FA5EAD1-FD47-42F4-9C90-2B609DA038E4} = {FE6DC632-6E4E-455B-832A-F349EEBEB808}
		{F0964A86-F605-47D3-AE7B-75569CAA0921} = {CAFABA4D-694E-4353-BD14-0E2DB1DFA954}
	EndGlobalSection
	GlobalSection(ExtensibilityGlobals) = postSolution
		SolutionGuid = {E1019E09-6FF4-4D6F-8224-F3525EC36E9B}
	EndGlobalSection
EndGlobal
